
Microsoft Visual Studio Solution File, Format Version 12.00
# Visual Studio Version 16
VisualStudioVersion = 16.0.30804.86
MinimumVisualStudioVersion = 10.0.40219.1
Project("{FAE04EC0-301F-11D3-BF4B-00C04F79EFBC}") = "Bitventure_Assignment", "Bitventure_Assignment\Bitventure_Assignment.csproj", "{18436272-B852-4370-9E6A-B706CA83E84D}"
EndProject
Global
	GlobalSection(SolutionConfigurationPlatforms) = preSolution
		Debug|Any CPU = Debug|Any CPU
		Release|Any CPU = Release|Any CPU
	EndGlobalSection
	GlobalSection(ProjectConfigurationPlatforms) = postSolution
		{18436272-B852-4370-9E6A-B706CA83E84D}.Debug|Any CPU.ActiveCfg = Debug|Any CPU
		{18436272-B852-4370-9E6A-B706CA83E84D}.Debug|Any CPU.Build.0 = Debug|Any CPU
		{18436272-B852-4370-9E6A-B706CA83E84D}.Release|Any CPU.ActiveCfg = Release|Any CPU
		{18436272-B852-4370-9E6A-B706CA83E84D}.Release|Any CPU.Build.0 = Release|Any CPU
	EndGlobalSection
	GlobalSection(SolutionProperties) = preSolution
		HideSolutionNode = FALSE
	EndGlobalSection
	GlobalSection(ExtensibilityGlobals) = postSolution
		SolutionGuid = {CCCFDA2D-DF3A-40F3-899C-C695A00EEE1D}
	EndGlobalSection
EndGlobal
